
Microsoft Visual Studio Solution File, Format Version 12.00
# Visual Studio 15
VisualStudioVersion = 15.0.28010.2003
MinimumVisualStudioVersion = 10.0.40219.1
Project("{9A19103F-16F7-4668-BE54-9A1E7A4F7556}") = "Disboard", "Disboard\Disboard.csproj", "{CB00DC1E-0B41-4C97-892A-EA0A3F3DD992}"
EndProject
Project("{2150E333-8FDC-42A3-9474-1A3956D46DE8}") = "Solution Items", "Solution Items", "{B749BF20-26EF-4235-83AE-388D9E5A9C21}"
	ProjectSection(SolutionItems) = preProject
		..\.gitignore = ..\.gitignore
		..\appveyor.yml = ..\appveyor.yml
		..\LICENSE = ..\LICENSE
		..\README.md = ..\README.md
	EndProjectSection
EndProject
Project("{9A19103F-16F7-4668-BE54-9A1E7A4F7556}") = "Disboard.Mastodon", "Disboard.Mastodon\Disboard.Mastodon.csproj", "{30D21379-EE26-4869-9905-DF56B02E02B1}"
EndProject
Project("{9A19103F-16F7-4668-BE54-9A1E7A4F7556}") = "Disboard.Misskey", "Disboard.Misskey\Disboard.Misskey.csproj", "{2CE2497D-0C2A-45D6-9194-5EB50139CE38}"
EndProject
Project("{9A19103F-16F7-4668-BE54-9A1E7A4F7556}") = "Disboard.Pleroma", "Disboard.Pleroma\Disboard.Pleroma.csproj", "{678C42DD-5272-43A1-ABE0-FD965FEC68E3}"
EndProject
Project("{2150E333-8FDC-42A3-9474-1A3956D46DE8}") = "Tests", "Tests", "{1321652F-BB51-4936-9574-F3F1CB5D9F62}"
EndProject
Project("{9A19103F-16F7-4668-BE54-9A1E7A4F7556}") = "Disboard.Mastodon.Test", "Tests\Disboard.Mastodon.Test\Disboard.Mastodon.Test.csproj", "{CA5FBEAC-6466-437B-9C32-C9407E61A383}"
EndProject
Project("{9A19103F-16F7-4668-BE54-9A1E7A4F7556}") = "Disboard.Test", "Tests\Disboard.Test\Disboard.Test.csproj", "{9E52CA58-24F3-4BE5-9769-70CCC5DDB0E5}"
EndProject
Project("{9A19103F-16F7-4668-BE54-9A1E7A4F7556}") = "Disboard.Pleroma.Test", "Tests\Disboard.Pleroma.Test\Disboard.Pleroma.Test.csproj", "{0E7E7D8E-A9FE-4CFB-96C4-AA5A7DB766DA}"
EndProject
Project("{9A19103F-16F7-4668-BE54-9A1E7A4F7556}") = "Disboard.AutoDocs", "Disboard.AutoDocs\Disboard.AutoDocs.csproj", "{9FE95639-5356-4EC3-B30F-212AC7AACAF7}"
EndProject
Project("{9A19103F-16F7-4668-BE54-9A1E7A4F7556}") = "Disboard.Misskey.Test", "Tests\Disboard.Misskey.Test\Disboard.Misskey.Test.csproj", "{7E302D2F-988B-4EF7-BC29-77CF62EC72EA}"
EndProject
Project("{FAE04EC0-301F-11D3-BF4B-00C04F79EFBC}") = "Disboard.PeerTube", "Disboard.PeerTube\Disboard.PeerTube.csproj", "{A14083A6-ABE8-4C0A-A10A-ECA2A89836AA}"
EndProject
Project("{FAE04EC0-301F-11D3-BF4B-00C04F79EFBC}") = "Disboard.PeerTube.Test", "Disboard.PeerTube.Test\Disboard.PeerTube.Test.csproj", "{23EE8366-6E17-42DD-8368-59AADA6EE176}"
EndProject
Global
	GlobalSection(SolutionConfigurationPlatforms) = preSolution
		Debug|Any CPU = Debug|Any CPU
		Release|Any CPU = Release|Any CPU
	EndGlobalSection
	GlobalSection(ProjectConfigurationPlatforms) = postSolution
		{CB00DC1E-0B41-4C97-892A-EA0A3F3DD992}.Debug|Any CPU.ActiveCfg = Debug|Any CPU
		{CB00DC1E-0B41-4C97-892A-EA0A3F3DD992}.Debug|Any CPU.Build.0 = Debug|Any CPU
		{CB00DC1E-0B41-4C97-892A-EA0A3F3DD992}.Release|Any CPU.ActiveCfg = Release|Any CPU
		{CB00DC1E-0B41-4C97-892A-EA0A3F3DD992}.Release|Any CPU.Build.0 = Release|Any CPU
		{30D21379-EE26-4869-9905-DF56B02E02B1}.Debug|Any CPU.ActiveCfg = Debug|Any CPU
		{30D21379-EE26-4869-9905-DF56B02E02B1}.Debug|Any CPU.Build.0 = Debug|Any CPU
		{30D21379-EE26-4869-9905-DF56B02E02B1}.Release|Any CPU.ActiveCfg = Release|Any CPU
		{30D21379-EE26-4869-9905-DF56B02E02B1}.Release|Any CPU.Build.0 = Release|Any CPU
		{2CE2497D-0C2A-45D6-9194-5EB50139CE38}.Debug|Any CPU.ActiveCfg = Debug|Any CPU
		{2CE2497D-0C2A-45D6-9194-5EB50139CE38}.Debug|Any CPU.Build.0 = Debug|Any CPU
		{2CE2497D-0C2A-45D6-9194-5EB50139CE38}.Release|Any CPU.ActiveCfg = Release|Any CPU
		{2CE2497D-0C2A-45D6-9194-5EB50139CE38}.Release|Any CPU.Build.0 = Release|Any CPU
		{678C42DD-5272-43A1-ABE0-FD965FEC68E3}.Debug|Any CPU.ActiveCfg = Debug|Any CPU
		{678C42DD-5272-43A1-ABE0-FD965FEC68E3}.Debug|Any CPU.Build.0 = Debug|Any CPU
		{678C42DD-5272-43A1-ABE0-FD965FEC68E3}.Release|Any CPU.ActiveCfg = Release|Any CPU
		{678C42DD-5272-43A1-ABE0-FD965FEC68E3}.Release|Any CPU.Build.0 = Release|Any CPU
		{CA5FBEAC-6466-437B-9C32-C9407E61A383}.Debug|Any CPU.ActiveCfg = Debug|Any CPU
		{CA5FBEAC-6466-437B-9C32-C9407E61A383}.Debug|Any CPU.Build.0 = Debug|Any CPU
		{CA5FBEAC-6466-437B-9C32-C9407E61A383}.Release|Any CPU.ActiveCfg = Release|Any CPU
		{CA5FBEAC-6466-437B-9C32-C9407E61A383}.Release|Any CPU.Build.0 = Release|Any CPU
		{9E52CA58-24F3-4BE5-9769-70CCC5DDB0E5}.Debug|Any CPU.ActiveCfg = Debug|Any CPU
		{9E52CA58-24F3-4BE5-9769-70CCC5DDB0E5}.Debug|Any CPU.Build.0 = Debug|Any CPU
		{9E52CA58-24F3-4BE5-9769-70CCC5DDB0E5}.Release|Any CPU.ActiveCfg = Release|Any CPU
		{9E52CA58-24F3-4BE5-9769-70CCC5DDB0E5}.Release|Any CPU.Build.0 = Release|Any CPU
		{0E7E7D8E-A9FE-4CFB-96C4-AA5A7DB766DA}.Debug|Any CPU.ActiveCfg = Debug|Any CPU
		{0E7E7D8E-A9FE-4CFB-96C4-AA5A7DB766DA}.Debug|Any CPU.Build.0 = Debug|Any CPU
		{0E7E7D8E-A9FE-4CFB-96C4-AA5A7DB766DA}.Release|Any CPU.ActiveCfg = Release|Any CPU
		{0E7E7D8E-A9FE-4CFB-96C4-AA5A7DB766DA}.Release|Any CPU.Build.0 = Release|Any CPU
		{9FE95639-5356-4EC3-B30F-212AC7AACAF7}.Debug|Any CPU.ActiveCfg = Debug|Any CPU
		{9FE95639-5356-4EC3-B30F-212AC7AACAF7}.Release|Any CPU.ActiveCfg = Release|Any CPU
		{7E302D2F-988B-4EF7-BC29-77CF62EC72EA}.Debug|Any CPU.ActiveCfg = Debug|Any CPU
		{7E302D2F-988B-4EF7-BC29-77CF62EC72EA}.Debug|Any CPU.Build.0 = Debug|Any CPU
		{7E302D2F-988B-4EF7-BC29-77CF62EC72EA}.Release|Any CPU.ActiveCfg = Release|Any CPU
		{7E302D2F-988B-4EF7-BC29-77CF62EC72EA}.Release|Any CPU.Build.0 = Release|Any CPU
		{A14083A6-ABE8-4C0A-A10A-ECA2A89836AA}.Debug|Any CPU.ActiveCfg = Debug|Any CPU
		{A14083A6-ABE8-4C0A-A10A-ECA2A89836AA}.Debug|Any CPU.Build.0 = Debug|Any CPU
		{A14083A6-ABE8-4C0A-A10A-ECA2A89836AA}.Release|Any CPU.ActiveCfg = Release|Any CPU
		{A14083A6-ABE8-4C0A-A10A-ECA2A89836AA}.Release|Any CPU.Build.0 = Release|Any CPU
		{23EE8366-6E17-42DD-8368-59AADA6EE176}.Debug|Any CPU.ActiveCfg = Debug|Any CPU
		{23EE8366-6E17-42DD-8368-59AADA6EE176}.Debug|Any CPU.Build.0 = Debug|Any CPU
		{23EE8366-6E17-42DD-8368-59AADA6EE176}.Release|Any CPU.ActiveCfg = Release|Any CPU
		{23EE8366-6E17-42DD-8368-59AADA6EE176}.Release|Any CPU.Build.0 = Release|Any CPU
	EndGlobalSection
	GlobalSection(SolutionProperties) = preSolution
		HideSolutionNode = FALSE
	EndGlobalSection
	GlobalSection(NestedProjects) = preSolution
		{CA5FBEAC-6466-437B-9C32-C9407E61A383} = {1321652F-BB51-4936-9574-F3F1CB5D9F62}
		{9E52CA58-24F3-4BE5-9769-70CCC5DDB0E5} = {1321652F-BB51-4936-9574-F3F1CB5D9F62}
		{0E7E7D8E-A9FE-4CFB-96C4-AA5A7DB766DA} = {1321652F-BB51-4936-9574-F3F1CB5D9F62}
		{7E302D2F-988B-4EF7-BC29-77CF62EC72EA} = {1321652F-BB51-4936-9574-F3F1CB5D9F62}
		{23EE8366-6E17-42DD-8368-59AADA6EE176} = {1321652F-BB51-4936-9574-F3F1CB5D9F62}
	EndGlobalSection
	GlobalSection(ExtensibilityGlobals) = postSolution
		SolutionGuid = {235F76C9-06FA-46C3-8199-24AB08C20827}
	EndGlobalSection
EndGlobal
